<Solution>
  <Folder Name="/AuthenticationService/" />
  <Folder Name="/AuthenticationService/src/">
    <Project Path="ChatApplication.AuthenticationService.Api/ChatApplication.AuthenticationService.Api.csproj" />
    <Project Path="ChatApplication.AuthenticationService.Application/ChatApplication.AuthenticationService.Application.csproj" />
    <Project Path="ChatApplication.AuthenticationService.Domain/ChatApplication.AuthenticationService.Domain.csproj" />
    <Project Path="ChatApplication.AuthenticationService.Infrastructure/ChatApplication.AuthenticationService.Infrastructure.csproj" />
  </Folder>
</Solution>
